Microsoft Visual Studio Solution File, Format Version 12.00
# Visual Studio Version 17
VisualStudioVersion = 17.5.2.0
MinimumVisualStudioVersion = 10.0.40219.1
Project("{FAE04EC0-301F-11D3-BF4B-00C04F79EFBC}") = "LearningApp", "LearningApp\LearningApp.csproj", "{62C06268-80B2-D1D2-6D38-C23EC22A2A70}"
EndProject
Global
	GlobalSection(SolutionConfigurationPlatforms) = preSolution
		Debug|Any CPU = Debug|Any CPU
		Release|Any CPU = Release|Any CPU
	EndGlobalSection
	GlobalSection(ProjectConfigurationPlatforms) = postSolution
		{62C06268-80B2-D1D2-6D38-C23EC22A2A70}.Debug|Any CPU.ActiveCfg = Debug|Any CPU
		{62C06268-80B2-D1D2-6D38-C23EC22A2A70}.Debug|Any CPU.Build.0 = Debug|Any CPU
		{62C06268-80B2-D1D2-6D38-C23EC22A2A70}.Release|Any CPU.ActiveCfg = Release|Any CPU
		{62C06268-80B2-D1D2-6D38-C23EC22A2A70}.Release|Any CPU.Build.0 = Release|Any CPU
	EndGlobalSection
	GlobalSection(SolutionProperties) = preSolution
		HideSolutionNode = FALSE
	EndGlobalSection
	GlobalSection(ExtensibilityGlobals) = postSolution
		SolutionGuid = {AA7CD1EA-828A-4E44-A1CF-CB0AEB8119D3}
	EndGlobalSection
EndGlobal
